
Microsoft Visual Studio Solution File, Format Version 12.00
# Visual Studio 15
VisualStudioVersion = 15.0.28010.2048
MinimumVisualStudioVersion = 10.0.40219.1
Project("{9A19103F-16F7-4668-BE54-9A1E7A4F7556}") = "PBP.Web", "PBP.Web\PBP.Web.csproj", "{D73B7F9A-74A9-4C16-BA6E-2F60AC6B9820}"
EndProject
Project("{9A19103F-16F7-4668-BE54-9A1E7A4F7556}") = "PBP.Tests", "PBP.Tests\PBP.Tests.csproj", "{0C456D7F-F8AD-49F2-ABB5-708539FB981C}"
EndProject
Global
	GlobalSection(SolutionConfigurationPlatforms) = preSolution
		Debug|Any CPU = Debug|Any CPU
		Release|Any CPU = Release|Any CPU
	EndGlobalSection
	GlobalSection(ProjectConfigurationPlatforms) = postSolution
		{D73B7F9A-74A9-4C16-BA6E-2F60AC6B9820}.Debug|Any CPU.ActiveCfg = Debug|Any CPU
		{D73B7F9A-74A9-4C16-BA6E-2F60AC6B9820}.Debug|Any CPU.Build.0 = Debug|Any CPU
		{D73B7F9A-74A9-4C16-BA6E-2F60AC6B9820}.Release|Any CPU.ActiveCfg = Release|Any CPU
		{D73B7F9A-74A9-4C16-BA6E-2F60AC6B9820}.Release|Any CPU.Build.0 = Release|Any CPU
		{0C456D7F-F8AD-49F2-ABB5-708539FB981C}.Debug|Any CPU.ActiveCfg = Debug|Any CPU
		{0C456D7F-F8AD-49F2-ABB5-708539FB981C}.Debug|Any CPU.Build.0 = Debug|Any CPU
		{0C456D7F-F8AD-49F2-ABB5-708539FB981C}.Release|Any CPU.ActiveCfg = Release|Any CPU
		{0C456D7F-F8AD-49F2-ABB5-708539FB981C}.Release|Any CPU.Build.0 = Release|Any CPU
	EndGlobalSection
	GlobalSection(SolutionProperties) = preSolution
		HideSolutionNode = FALSE
	EndGlobalSection
	GlobalSection(ExtensibilityGlobals) = postSolution
		SolutionGuid = {29D2AD3E-520F-4904-8957-C0EC61ABE739}
	EndGlobalSection
EndGlobal
